
Microsoft Visual Studio Solution File, Format Version 12.00
# Visual Studio Version 17
VisualStudioVersion = 17.9.34728.123
MinimumVisualStudioVersion = 10.0.40219.1
Project("{FAE04EC0-301F-11D3-BF4B-00C04F79EFBC}") = "ProjectModule", "ProjectModule\ProjectModule.csproj", "{36F46438-1FC8-472F-B58C-D82F86CDE2BE}"
EndProject
Project("{FAE04EC0-301F-11D3-BF4B-00C04F79EFBC}") = "Core", "Core\Core.csproj", "{5BCDAD56-6CAE-4742-9D02-A6EE4B493FB0}"
EndProject
Project("{FAE04EC0-301F-11D3-BF4B-00C04F79EFBC}") = "Infrastructure", "Infrastructure\Infrastructure.csproj", "{6F6798E7-F955-4175-90CF-4F7554719EA5}"
EndProject
Project("{FAE04EC0-301F-11D3-BF4B-00C04F79EFBC}") = "API", "API\API.csproj", "{45BF31A1-F78F-44C5-8E63-2EE31BBA8360}"
EndProject
Global
	GlobalSection(SolutionConfigurationPlatforms) = preSolution
		Debug|Any CPU = Debug|Any CPU
		Release|Any CPU = Release|Any CPU
	EndGlobalSection
	GlobalSection(ProjectConfigurationPlatforms) = postSolution
		{36F46438-1FC8-472F-B58C-D82F86CDE2BE}.Debug|Any CPU.ActiveCfg = Debug|Any CPU
		{36F46438-1FC8-472F-B58C-D82F86CDE2BE}.Debug|Any CPU.Build.0 = Debug|Any CPU
		{36F46438-1FC8-472F-B58C-D82F86CDE2BE}.Release|Any CPU.ActiveCfg = Release|Any CPU
		{36F46438-1FC8-472F-B58C-D82F86CDE2BE}.Release|Any CPU.Build.0 = Release|Any CPU
		{5BCDAD56-6CAE-4742-9D02-A6EE4B493FB0}.Debug|Any CPU.ActiveCfg = Debug|Any CPU
		{5BCDAD56-6CAE-4742-9D02-A6EE4B493FB0}.Debug|Any CPU.Build.0 = Debug|Any CPU
		{5BCDAD56-6CAE-4742-9D02-A6EE4B493FB0}.Release|Any CPU.ActiveCfg = Release|Any CPU
		{5BCDAD56-6CAE-4742-9D02-A6EE4B493FB0}.Release|Any CPU.Build.0 = Release|Any CPU
		{6F6798E7-F955-4175-90CF-4F7554719EA5}.Debug|Any CPU.ActiveCfg = Debug|Any CPU
		{6F6798E7-F955-4175-90CF-4F7554719EA5}.Debug|Any CPU.Build.0 = Debug|Any CPU
		{6F6798E7-F955-4175-90CF-4F7554719EA5}.Release|Any CPU.ActiveCfg = Release|Any CPU
		{6F6798E7-F955-4175-90CF-4F7554719EA5}.Release|Any CPU.Build.0 = Release|Any CPU
		{45BF31A1-F78F-44C5-8E63-2EE31BBA8360}.Debug|Any CPU.ActiveCfg = Debug|Any CPU
		{45BF31A1-F78F-44C5-8E63-2EE31BBA8360}.Debug|Any CPU.Build.0 = Debug|Any CPU
		{45BF31A1-F78F-44C5-8E63-2EE31BBA8360}.Release|Any CPU.ActiveCfg = Release|Any CPU
		{45BF31A1-F78F-44C5-8E63-2EE31BBA8360}.Release|Any CPU.Build.0 = Release|Any CPU
	EndGlobalSection
	GlobalSection(SolutionProperties) = preSolution
		HideSolutionNode = FALSE
	EndGlobalSection
	GlobalSection(ExtensibilityGlobals) = postSolution
		SolutionGuid = {D07CBC95-F8BC-4246-A42F-4D08264D1089}
	EndGlobalSection
EndGlobal
